// !$*UTF8*$!
{
	archiveVersion = 1;
	classes = {
	};
	objectVersion = 50;
	objects = {

/* Begin PBXBuildFile section */
		871F9E492582569100251BAD /* MoviesListDataModel.swift in Sources */ = {isa = PBXBuildFile; fileRef = 871F9E482582569100251BAD /* MoviesListDataModel.swift */; };
		871F9E4D258289EC00251BAD /* ImageCacheModel.swift in Sources */ = {isa = PBXBuildFile; fileRef = 871F9E4C258289EC00251BAD /* ImageCacheModel.swift */; };
		871F9E5025834F3B00251BAD /* SectionView.xib in Resources */ = {isa = PBXBuildFile; fileRef = 871F9E4F25834F3B00251BAD /* SectionView.xib */; };
		871F9E5325834FFA00251BAD /* UIViewSection.swift in Sources */ = {isa = PBXBuildFile; fileRef = 871F9E5225834FFA00251BAD /* UIViewSection.swift */; };
		8743AC6E2582194500370840 /* NetworkAPI.swift in Sources */ = {isa = PBXBuildFile; fileRef = 8743AC6D2582194500370840 /* NetworkAPI.swift */; };
		8743AC71258219DF00370840 /* DateFormattingHelper.swift in Sources */ = {isa = PBXBuildFile; fileRef = 8743AC70258219DF00370840 /* DateFormattingHelper.swift */; };
		8743AC7425821F6E00370840 /* NetworkService.swift in Sources */ = {isa = PBXBuildFile; fileRef = 8743AC7325821F6E00370840 /* NetworkService.swift */; };
		8743AC7825822D8F00370840 /* NetworkError.swift in Sources */ = {isa = PBXBuildFile; fileRef = 8743AC7725822D8F00370840 /* NetworkError.swift */; };
		877A9ADB2580A360008992A5 /* AppDelegate.swift in Sources */ = {isa = PBXBuildFile; fileRef = 877A9ADA2580A360008992A5 /* AppDelegate.swift */; };
		877A9ADD2580A360008992A5 /* SceneDelegate.swift in Sources */ = {isa = PBXBuildFile; fileRef = 877A9ADC2580A360008992A5 /* SceneDelegate.swift */; };
		877A9ADF2580A360008992A5 /* ViewController.swift in Sources */ = {isa = PBXBuildFile; fileRef = 877A9ADE2580A360008992A5 /* ViewController.swift */; };
		877A9AE22580A360008992A5 /* Main.storyboard in Resources */ = {isa = PBXBuildFile; fileRef = 877A9AE02580A360008992A5 /* Main.storyboard */; };
		877A9AE42580A363008992A5 /* Assets.xcassets in Resources */ = {isa = PBXBuildFile; fileRef = 877A9AE32580A363008992A5 /* Assets.xcassets */; };
		877A9AE72580A363008992A5 /* LaunchScreen.storyboard in Resources */ = {isa = PBXBuildFile; fileRef = 877A9AE52580A363008992A5 /* LaunchScreen.storyboard */; };
		877A9AF32580D796008992A5 /* MovieModel.swift in Sources */ = {isa = PBXBuildFile; fileRef = 877A9AF22580D796008992A5 /* MovieModel.swift */; };
/* End PBXBuildFile section */

/* Begin PBXFileReference section */
		871F9E482582569100251BAD /* MoviesListDataModel.swift */ = {isa = PBXFileReference; lastKnownFileType = sourcecode.swift; path = MoviesListDataModel.swift; sourceTree = "<group>"; };
		871F9E4C258289EC00251BAD /* ImageCacheModel.swift */ = {isa = PBXFileReference; lastKnownFileType = sourcecode.swift; path = ImageCacheModel.swift; sourceTree = "<group>"; };
		871F9E4F25834F3B00251BAD /* SectionView.xib */ = {isa = PBXFileReference; lastKnownFileType = file.xib; path = SectionView.xib; sourceTree = "<group>"; };
		871F9E5225834FFA00251BAD /* UIViewSection.swift */ = {isa = PBXFileReference; lastKnownFileType = sourcecode.swift; path = UIViewSection.swift; sourceTree = "<group>"; };
		8743AC6D2582194500370840 /* NetworkAPI.swift */ = {isa = PBXFileReference; lastKnownFileType = sourcecode.swift; path = NetworkAPI.swift; sourceTree = "<group>"; };
		8743AC70258219DF00370840 /* DateFormattingHelper.swift */ = {isa = PBXFileReference; lastKnownFileType = sourcecode.swift; path = DateFormattingHelper.swift; sourceTree = "<group>"; };
		8743AC7325821F6E00370840 /* NetworkService.swift */ = {isa = PBXFileReference; lastKnownFileType = sourcecode.swift; path = NetworkService.swift; sourceTree = "<group>"; };
		8743AC7725822D8F00370840 /* NetworkError.swift */ = {isa = PBXFileReference; lastKnownFileType = sourcecode.swift; path = NetworkError.swift; sourceTree = "<group>"; };
		877A9AD72580A360008992A5 /* MoviesToWatch.app */ = {isa = PBXFileReference; explicitFileType = wrapper.application; includeInIndex = 0; path = MoviesToWatch.app; sourceTree = BUILT_PRODUCTS_DIR; };
		877A9ADA2580A360008992A5 /* AppDelegate.swift */ = {isa = PBXFileReference; lastKnownFileType = sourcecode.swift; path = AppDelegate.swift; sourceTree = "<group>"; };
		877A9ADC2580A360008992A5 /* SceneDelegate.swift */ = {isa = PBXFileReference; lastKnownFileType = sourcecode.swift; path = SceneDelegate.swift; sourceTree = "<group>"; };
		877A9ADE2580A360008992A5 /* ViewController.swift */ = {isa = PBXFileReference; lastKnownFileType = sourcecode.swift; path = ViewController.swift; sourceTree = "<group>"; };
		877A9AE12580A360008992A5 /* Base */ = {isa = PBXFileReference; lastKnownFileType = file.storyboard; name = Base; path = Base.lproj/Main.storyboard; sourceTree = "<group>"; };
		877A9AE32580A363008992A5 /* Assets.xcassets */ = {isa = PBXFileReference; lastKnownFileType = folder.assetcatalog; path = Assets.xcassets; sourceTree = "<group>"; };
		877A9AE62580A363008992A5 /* Base */ = {isa = PBXFileReference; lastKnownFileType = file.storyboard; name = Base; path = Base.lproj/LaunchScreen.storyboard; sourceTree = "<group>"; };
		877A9AE82580A363008992A5 /* Info.plist */ = {isa = PBXFileReference; lastKnownFileType = text.plist.xml; path = Info.plist; sourceTree = "<group>"; };
		877A9AF22580D796008992A5 /* MovieModel.swift */ = {isa = PBXFileReference; lastKnownFileType = sourcecode.swift; path = MovieModel.swift; sourceTree = "<group>"; };
/* End PBXFileReference section */

/* Begin PBXFrameworksBuildPhase section */
		877A9AD42580A360008992A5 /* Frameworks */ = {
			isa = PBXFrameworksBuildPhase;
			buildActionMask = 2147483647;
			files = (
			);
			runOnlyForDeploymentPostprocessing = 0;
		};
/* End PBXFrameworksBuildPhase section */

/* Begin PBXGroup section */
		8743AC6C258218E700370840 /* Network */ = {
			isa = PBXGroup;
			children = (
				8743AC6D2582194500370840 /* NetworkAPI.swift */,
				8743AC7725822D8F00370840 /* NetworkError.swift */,
				8743AC7325821F6E00370840 /* NetworkService.swift */,
			);
			path = Network;
			sourceTree = "<group>";
		};
		877A9ACE2580A360008992A5 = {
			isa = PBXGroup;
			children = (
				877A9AD92580A360008992A5 /* MoviesToWatch */,
				877A9AD82580A360008992A5 /* Products */,
			);
			sourceTree = "<group>";
		};
		877A9AD82580A360008992A5 /* Products */ = {
			isa = PBXGroup;
			children = (
				877A9AD72580A360008992A5 /* MoviesToWatch.app */,
			);
			name = Products;
			sourceTree = "<group>";
		};
		877A9AD92580A360008992A5 /* MoviesToWatch */ = {
			isa = PBXGroup;
			children = (
				8743AC6C258218E700370840 /* Network */,
				877A9AF12580D72A008992A5 /* Model */,
				877A9AF825812801008992A5 /* View */,
				877A9AF72580F138008992A5 /* Controller */,
				877A9AF62580D7E5008992A5 /* SupportinFiles */,
				877A9AE32580A363008992A5 /* Assets.xcassets */,
				877A9AE82580A363008992A5 /* Info.plist */,
			);
			path = MoviesToWatch;
			sourceTree = "<group>";
		};
		877A9AF12580D72A008992A5 /* Model */ = {
			isa = PBXGroup;
			children = (
				877A9AF22580D796008992A5 /* MovieModel.swift */,
				871F9E482582569100251BAD /* MoviesListDataModel.swift */,
				871F9E4C258289EC00251BAD /* ImageCacheModel.swift */,
			);
			path = Model;
			sourceTree = "<group>";
		};
		877A9AF62580D7E5008992A5 /* SupportinFiles */ = {
			isa = PBXGroup;
			children = (
				877A9ADC2580A360008992A5 /* SceneDelegate.swift */,
				877A9ADA2580A360008992A5 /* AppDelegate.swift */,
				8743AC70258219DF00370840 /* DateFormattingHelper.swift */,
			);
			path = SupportinFiles;
			sourceTree = "<group>";
		};
		877A9AF72580F138008992A5 /* Controller */ = {
			isa = PBXGroup;
			children = (
				877A9ADE2580A360008992A5 /* ViewController.swift */,
			);
			path = Controller;
			sourceTree = "<group>";
		};
		877A9AF825812801008992A5 /* View */ = {
			isa = PBXGroup;
			children = (
				871F9E4F25834F3B00251BAD /* SectionView.xib */,
				871F9E5225834FFA00251BAD /* UIViewSection.swift */,
				877A9AE02580A360008992A5 /* Main.storyboard */,
				877A9AE52580A363008992A5 /* LaunchScreen.storyboard */,
			);
			path = View;
			sourceTree = "<group>";
		};
/* End PBXGroup section */

/* Begin PBXNativeTarget section */
		877A9AD62580A360008992A5 /* MoviesToWatch */ = {
			isa = PBXNativeTarget;
			buildConfigurationList = 877A9AEB2580A363008992A5 /* Build configuration list for PBXNativeTarget "MoviesToWatch" */;
			buildPhases = (
				877A9AD32580A360008992A5 /* Sources */,
				877A9AD42580A360008992A5 /* Frameworks */,
				877A9AD52580A360008992A5 /* Resources */,
			);
			buildRules = (
			);
			dependencies = (
			);
			name = MoviesToWatch;
			productName = MoviesToWatch;
			productReference = 877A9AD72580A360008992A5 /* MoviesToWatch.app */;
			productType = "com.apple.product-type.application";
		};
/* End PBXNativeTarget section */

/* Begin PBXProject section */
		877A9ACF2580A360008992A5 /* Project object */ = {
			isa = PBXProject;
			attributes = {
				LastSwiftUpdateCheck = 1220;
				LastUpgradeCheck = 1220;
				TargetAttributes = {
					877A9AD62580A360008992A5 = {
						CreatedOnToolsVersion = 12.2;
					};
				};
			};
			buildConfigurationList = 877A9AD22580A360008992A5 /* Build configuration list for PBXProject "MoviesToWatch" */;
			compatibilityVersion = "Xcode 9.3";
			developmentRegion = en;
			hasScannedForEncodings = 0;
			knownRegions = (
				en,
				Base,
			);
			mainGroup = 877A9ACE2580A360008992A5;
			productRefGroup = 877A9AD82580A360008992A5 /* Products */;
			projectDirPath = "";
			projectRoot = "";
			targets = (
				877A9AD62580A360008992A5 /* MoviesToWatch */,
			);
		};
/* End PBXProject section */

/* Begin PBXResourcesBuildPhase section */
		877A9AD52580A360008992A5 /* Resources */ = {
			isa = PBXResourcesBuildPhase;
			buildActionMask = 2147483647;
			files = (
				877A9AE72580A363008992A5 /* LaunchScreen.storyboard in Resources */,
				877A9AE42580A363008992A5 /* Assets.xcassets in Resources */,
				871F9E5025834F3B00251BAD /* SectionView.xib in Resources */,
				877A9AE22580A360008992A5 /* Main.storyboard in Resources */,
			);
			runOnlyForDeploymentPostprocessing = 0;
		};
/* End PBXResourcesBuildPhase section */

/* Begin PBXSourcesBuildPhase section */
		877A9AD32580A360008992A5 /* Sources */ = {
			isa = PBXSourcesBuildPhase;
			buildActionMask = 2147483647;
			files = (
				877A9AF32580D796008992A5 /* MovieModel.swift in Sources */,
				8743AC7825822D8F00370840 /* NetworkError.swift in Sources */,
				8743AC7425821F6E00370840 /* NetworkService.swift in Sources */,
				8743AC6E2582194500370840 /* NetworkAPI.swift in Sources */,
				871F9E4D258289EC00251BAD /* ImageCacheModel.swift in Sources */,
				877A9ADF2580A360008992A5 /* ViewController.swift in Sources */,
				8743AC71258219DF00370840 /* DateFormattingHelper.swift in Sources */,
				871F9E492582569100251BAD /* MoviesListDataModel.swift in Sources */,
				871F9E5325834FFA00251BAD /* UIViewSection.swift in Sources */,
				877A9ADB2580A360008992A5 /* AppDelegate.swift in Sources */,
				877A9ADD2580A360008992A5 /* SceneDelegate.swift in Sources */,
			);
			runOnlyForDeploymentPostprocessing = 0;
		};
/* End PBXSourcesBuildPhase section */

/* Begin PBXVariantGroup section */
		877A9AE02580A360008992A5 /* Main.storyboard */ = {
			isa = PBXVariantGroup;
			children = (
				877A9AE12580A360008992A5 /* Base */,
			);
			name = Main.storyboard;
			sourceTree = "<group>";
		};
		877A9AE52580A363008992A5 /* LaunchScreen.storyboard */ = {
			isa = PBXVariantGroup;
			children = (
				877A9AE62580A363008992A5 /* Base */,
			);
			name = LaunchScreen.storyboard;
			sourceTree = "<group>";
		};
/* End PBXVariantGroup section */

/* Begin XCBuildConfiguration section */
		877A9AE92580A363008992A5 /* Debug */ = {
			isa = XCBuildConfiguration;
			buildSettings = {
				ALWAYS_SEARCH_USER_PATHS = NO;
				CLANG_ANALYZER_NONNULL = YES;
				CLANG_ANALYZER_NUMBER_OBJECT_CONVERSION = YES_AGGRESSIVE;
				CLANG_CXX_LANGUAGE_STANDARD = "gnu++14";
				CLANG_CXX_LIBRARY = "libc++";
				CLANG_ENABLE_MODULES = YES;
				CLANG_ENABLE_OBJC_ARC = YES;
				CLANG_ENABLE_OBJC_WEAK = YES;
				CLANG_WARN_BLOCK_CAPTURE_AUTORELEASING = YES;
				CLANG_WARN_BOOL_CONVERSION = YES;
				CLANG_WARN_COMMA = YES;
				CLANG_WARN_CONSTANT_CONVERSION = YES;
				CLANG_WARN_DEPRECATED_OBJC_IMPLEMENTATIONS = YES;
				CLANG_WARN_DIRECT_OBJC_ISA_USAGE = YES_ERROR;
				CLANG_WARN_DOCUMENTATION_COMMENTS = YES;
				CLANG_WARN_EMPTY_BODY = YES;
				CLANG_WARN_ENUM_CONVERSION = YES;
				CLANG_WARN_INFINITE_RECURSION = YES;
				CLANG_WARN_INT_CONVERSION = YES;
				CLANG_WARN_NON_LITERAL_NULL_CONVERSION = YES;
				CLANG_WARN_OBJC_IMPLICIT_RETAIN_SELF = YES;
				CLANG_WARN_OBJC_LITERAL_CONVERSION = YES;
				CLANG_WARN_OBJC_ROOT_CLASS = YES_ERROR;
				CLANG_WARN_QUOTED_INCLUDE_IN_FRAMEWORK_HEADER = YES;
				CLANG_WARN_RANGE_LOOP_ANALYSIS = YES;
				CLANG_WARN_STRICT_PROTOTYPES = YES;
				CLANG_WARN_SUSPICIOUS_MOVE = YES;
				CLANG_WARN_UNGUARDED_AVAILABILITY = YES_AGGRESSIVE;
				CLANG_WARN_UNREACHABLE_CODE = YES;
				CLANG_WARN__DUPLICATE_METHOD_MATCH = YES;
				COPY_PHASE_STRIP = NO;
				DEBUG_INFORMATION_FORMAT = dwarf;
				ENABLE_STRICT_OBJC_MSGSEND = YES;
				ENABLE_TESTABILITY = YES;
				GCC_C_LANGUAGE_STANDARD = gnu11;
				GCC_DYNAMIC_NO_PIC = NO;
				GCC_NO_COMMON_BLOCKS = YES;
				GCC_OPTIMIZATION_LEVEL = 0;
				GCC_PREPROCESSOR_DEFINITIONS = (
					"DEBUG=1",
					"$(inherited)",
				);
				GCC_WARN_64_TO_32_BIT_CONVERSION = YES;
				GCC_WARN_ABOUT_RETURN_TYPE = YES_ERROR;
				GCC_WARN_UNDECLARED_SELECTOR = YES;
				GCC_WARN_UNINITIALIZED_AUTOS = YES_AGGRESSIVE;
				GCC_WARN_UNUSED_FUNCTION = YES;
				GCC_WARN_UNUSED_VARIABLE = YES;
				IPHONEOS_DEPLOYMENT_TARGET = 14.2;
				MTL_ENABLE_DEBUG_INFO = INCLUDE_SOURCE;
				MTL_FAST_MATH = YES;
				ONLY_ACTIVE_ARCH = YES;
				SDKROOT = iphoneos;
				SWIFT_ACTIVE_COMPILATION_CONDITIONS = DEBUG;
				SWIFT_OPTIMIZATION_LEVEL = "-Onone";
			};
			name = Debug;
		};
		877A9AEA2580A363008992A5 /* Release */ = {
			isa = XCBuildConfiguration;
			buildSettings = {
				ALWAYS_SEARCH_USER_PATHS = NO;
				CLANG_ANALYZER_NONNULL = YES;
				CLANG_ANALYZER_NUMBER_OBJECT_CONVERSION = YES_AGGRESSIVE;
				CLANG_CXX_LANGUAGE_STANDARD = "gnu++14";
				CLANG_CXX_LIBRARY = "libc++";
				CLANG_ENABLE_MODULES = YES;
				CLANG_ENABLE_OBJC_ARC = YES;
				CLANG_ENABLE_OBJC_WEAK = YES;
				CLANG_WARN_BLOCK_CAPTURE_AUTORELEASING = YES;
				CLANG_WARN_BOOL_CONVERSION = YES;
				CLANG_WARN_COMMA = YES;
				CLANG_WARN_CONSTANT_CONVERSION = YES;
				CLANG_WARN_DEPRECATED_OBJC_IMPLEMENTATIONS = YES;
				CLANG_WARN_DIRECT_OBJC_ISA_USAGE = YES_ERROR;
				CLANG_WARN_DOCUMENTATION_COMMENTS = YES;
				CLANG_WARN_EMPTY_BODY = YES;
				CLANG_WARN_ENUM_CONVERSION = YES;
				CLANG_WARN_INFINITE_RECURSION = YES;
				CLANG_WARN_INT_CONVERSION = YES;
				CLANG_WARN_NON_LITERAL_NULL_CONVERSION = YES;
				CLANG_WARN_OBJC_IMPLICIT_RETAIN_SELF = YES;
				CLANG_WARN_OBJC_LITERAL_CONVERSION = YES;
				CLANG_WARN_OBJC_ROOT_CLASS = YES_ERROR;
				CLANG_WARN_QUOTED_INCLUDE_IN_FRAMEWORK_HEADER = YES;
				CLANG_WARN_RANGE_LOOP_ANALYSIS = YES;
				CLANG_WARN_STRICT_PROTOTYPES = YES;
				CLANG_WARN_SUSPICIOUS_MOVE = YES;
				CLANG_WARN_UNGUARDED_AVAILABILITY = YES_AGGRESSIVE;
				CLANG_WARN_UNREACHABLE_CODE = YES;
				CLANG_WARN__DUPLICATE_METHOD_MATCH = YES;
				COPY_PHASE_STRIP = NO;
				DEBUG_INFORMATION_FORMAT = "dwarf-with-dsym";
				ENABLE_NS_ASSERTIONS = NO;
				ENABLE_STRICT_OBJC_MSGSEND = YES;
				GCC_C_LANGUAGE_STANDARD = gnu11;
				GCC_NO_COMMON_BLOCKS = YES;
				GCC_WARN_64_TO_32_BIT_CONVERSION = YES;
				GCC_WARN_ABOUT_RETURN_TYPE = YES_ERROR;
				GCC_WARN_UNDECLARED_SELECTOR = YES;
				GCC_WARN_UNINITIALIZED_AUTOS = YES_AGGRESSIVE;
				GCC_WARN_UNUSED_FUNCTION = YES;
				GCC_WARN_UNUSED_VARIABLE = YES;
				IPHONEOS_DEPLOYMENT_TARGET = 14.2;
				MTL_ENABLE_DEBUG_INFO = NO;
				MTL_FAST_MATH = YES;
				SDKROOT = iphoneos;
				SWIFT_COMPILATION_MODE = wholemodule;
				SWIFT_OPTIMIZATION_LEVEL = "-O";
				VALIDATE_PRODUCT = YES;
			};
			name = Release;
		};
		877A9AEC2580A363008992A5 /* Debug */ = {
			isa = XCBuildConfiguration;
			buildSettings = {
				ASSETCATALOG_COMPILER_APPICON_NAME = AppIcon;
				ASSETCATALOG_COMPILER_GLOBAL_ACCENT_COLOR_NAME = AccentColor;
				CODE_SIGN_STYLE = Automatic;
				INFOPLIST_FILE = MoviesToWatch/Info.plist;
				LD_RUNPATH_SEARCH_PATHS = (
					"$(inherited)",
					"@executable_path/Frameworks",
				);
				PRODUCT_BUNDLE_IDENTIFIER = vladyslavGubanov.MoviesToWatch;
				PRODUCT_NAME = "$(TARGET_NAME)";
				SWIFT_VERSION = 5.0;
				TARGETED_DEVICE_FAMILY = "1,2";
			};
			name = Debug;
		};
		877A9AED2580A363008992A5 /* Release */ = {
			isa = XCBuildConfiguration;
			buildSettings = {
				ASSETCATALOG_COMPILER_APPICON_NAME = AppIcon;
				ASSETCATALOG_COMPILER_GLOBAL_ACCENT_COLOR_NAME = AccentColor;
				CODE_SIGN_STYLE = Automatic;
				INFOPLIST_FILE = MoviesToWatch/Info.plist;
				LD_RUNPATH_SEARCH_PATHS = (
					"$(inherited)",
					"@executable_path/Frameworks",
				);
				PRODUCT_BUNDLE_IDENTIFIER = vladyslavGubanov.MoviesToWatch;
				PRODUCT_NAME = "$(TARGET_NAME)";
				SWIFT_VERSION = 5.0;
				TARGETED_DEVICE_FAMILY = "1,2";
			};
			name = Release;
		};
/* End XCBuildConfiguration section */

/* Begin XCConfigurationList section */
		877A9AD22580A360008992A5 /* Build configuration list for PBXProject "MoviesToWatch" */ = {
			isa = XCConfigurationList;
			buildConfigurations = (
				877A9AE92580A363008992A5 /* Debug */,
				877A9AEA2580A363008992A5 /* Release */,
			);
			defaultConfigurationIsVisible = 0;
			defaultConfigurationName = Release;
		};
		877A9AEB2580A363008992A5 /* Build configuration list for PBXNativeTarget "MoviesToWatch" */ = {
			isa = XCConfigurationList;
			buildConfigurations = (
				877A9AEC2580A363008992A5 /* Debug */,
				877A9AED2580A363008992A5 /* Release */,
			);
			defaultConfigurationIsVisible = 0;
			defaultConfigurationName = Release;
		};
/* End XCConfigurationList section */
	};
	rootObject = 877A9ACF2580A360008992A5 /* Project object */;
}
